<Solution>
  <Folder Name="/src/">
    <Project Path="src/PdfExtractToSkill.Domain/PdfExtractToSkill.Domain.csproj" />
    <Project Path="src/PdfExtractToSkill.Application/PdfExtractToSkill.Application.csproj" />
    <Project Path="src/PdfExtractToSkill.Contracts/PdfExtractToSkill.Contracts.csproj" />
    <Project Path="src/PdfExtractToSkill.Infrastructure/PdfExtractToSkill.Infrastructure.csproj" />
    <Project Path="src/PdfExtractToSkill.Service/PdfExtractToSkill.Service.csproj" />
    <Project Path="src/PdfExtractToSkill/PdfExtractToSkill.csproj" />
    <Project Path="src/PdfExtractToSkill.Packaging/PdfExtractToSkill.Packaging.wapproj" />
  </Folder>
  <Folder Name="/tests/">
    <Project Path="tests/PdfExtractToSkill.Domain.Tests/PdfExtractToSkill.Domain.Tests.csproj" />
    <Project Path="tests/PdfExtractToSkill.Application.Tests/PdfExtractToSkill.Application.Tests.csproj" />
    <Project Path="tests/PdfExtractToSkill.Infrastructure.Tests/PdfExtractToSkill.Infrastructure.Tests.csproj" />
  </Folder>
</Solution>
